
Microsoft Visual Studio Solution File, Format Version 12.00
# Visual Studio Version 17
VisualStudioVersion = 17.14.36301.6 d17.14
MinimumVisualStudioVersion = 10.0.40219.1
Project("{FAE04EC0-301F-11D3-BF4B-00C04F79EFBC}") = "TaskManager", "TaskManager\TaskManager.csproj", "{A6700B9E-57C9-497E-963A-4D9BBF3899F9}"
EndProject
Global
	GlobalSection(SolutionConfigurationPlatforms) = preSolution
		Debug|Any CPU = Debug|Any CPU
		Release|Any CPU = Release|Any CPU
	EndGlobalSection
	GlobalSection(ProjectConfigurationPlatforms) = postSolution
		{A6700B9E-57C9-497E-963A-4D9BBF3899F9}.Debug|Any CPU.ActiveCfg = Debug|Any CPU
		{A6700B9E-57C9-497E-963A-4D9BBF3899F9}.Debug|Any CPU.Build.0 = Debug|Any CPU
		{A6700B9E-57C9-497E-963A-4D9BBF3899F9}.Release|Any CPU.ActiveCfg = Release|Any CPU
		{A6700B9E-57C9-497E-963A-4D9BBF3899F9}.Release|Any CPU.Build.0 = Release|Any CPU
	EndGlobalSection
	GlobalSection(SolutionProperties) = preSolution
		HideSolutionNode = FALSE
	EndGlobalSection
	GlobalSection(ExtensibilityGlobals) = postSolution
		SolutionGuid = {7661F751-FCBC-43C8-980B-BEFB1CA36902}
	EndGlobalSection
EndGlobal
